{
  "name": "jsonata-go-benchmark-oracle",
  "lockfileVersion": 3,
  "requires": true,
  "packages": {
    "": {
      "name": "jsonata-go-benchmark-oracle",
      "dependencies": {
        "jsonata": "2.2.2"
      }
    },
    "node_modules/jsonata": {
      "version": "2.2.2",
      "resolved": "https://registry.npmjs.org/jsonata/-/jsonata-2.2.2.tgz",
      "integrity": "sha512-XDFH2PuaAXv0AXJEWwElXbqADmKFGKMLMkFb+qOz0EhjQW2EIJ6pgtordLU+4u3IVERyBfqy6bi6kZKEncvRqA==",
      "license": "MIT",
      "engines": {
        "node": ">= 8"
      }
    }
  }
}
